
Microsoft Visual Studio Solution File, Format Version 12.00
# Visual Studio Version 17
VisualStudioVersion = 17.10.35004.147
MinimumVisualStudioVersion = 10.0.40219.1
Project("{FAE04EC0-301F-11D3-BF4B-00C04F79EFBC}") = "BehaviorDrivenDevelopment.Tests.Behavior", "BehaviorDrivenDevelopment.Tests.Behavior\BehaviorDrivenDevelopment.Tests.Behavior.csproj", "{110845D0-110E-40C6-9341-7D0C83480459}"
EndProject
Project("{FAE04EC0-301F-11D3-BF4B-00C04F79EFBC}") = "BehaviorDrivenDevelopment.Service", "BehaviorDrivenDevelopment.Service\BehaviorDrivenDevelopment.Service.csproj", "{EB894CCE-5C13-4E89-B58C-496B421C9284}"
EndProject
Global
	GlobalSection(SolutionConfigurationPlatforms) = preSolution
		Debug|Any CPU = Debug|Any CPU
		Release|Any CPU = Release|Any CPU
	EndGlobalSection
	GlobalSection(ProjectConfigurationPlatforms) = postSolution
		{110845D0-110E-40C6-9341-7D0C83480459}.Debug|Any CPU.ActiveCfg = Debug|Any CPU
		{110845D0-110E-40C6-9341-7D0C83480459}.Debug|Any CPU.Build.0 = Debug|Any CPU
		{110845D0-110E-40C6-9341-7D0C83480459}.Release|Any CPU.ActiveCfg = Release|Any CPU
		{110845D0-110E-40C6-9341-7D0C83480459}.Release|Any CPU.Build.0 = Release|Any CPU
		{EB894CCE-5C13-4E89-B58C-496B421C9284}.Debug|Any CPU.ActiveCfg = Debug|Any CPU
		{EB894CCE-5C13-4E89-B58C-496B421C9284}.Debug|Any CPU.Build.0 = Debug|Any CPU
		{EB894CCE-5C13-4E89-B58C-496B421C9284}.Release|Any CPU.ActiveCfg = Release|Any CPU
		{EB894CCE-5C13-4E89-B58C-496B421C9284}.Release|Any CPU.Build.0 = Release|Any CPU
	EndGlobalSection
	GlobalSection(SolutionProperties) = preSolution
		HideSolutionNode = FALSE
	EndGlobalSection
	GlobalSection(ExtensibilityGlobals) = postSolution
		SolutionGuid = {498740DA-FB67-4C12-93D4-425071DBB880}
	EndGlobalSection
EndGlobal
